<?xml version="1.0" encoding="utf-8"?>
<Project ToolsVersion="4.0" xmlns="http://schemas.microsoft.com/developer/msbuild/2003">
  <ItemGroup>
    <Filter Include="Source Files">
      <UniqueIdentifier>{4FC737F1-C7A5-4376-A066-2A32D752A2FF}</UniqueIdentifier>
      <Extensions>cpp;c;cc;cxx;c++;cppm;ixx;def;odl;idl;hpj;bat;asm;asmx</Extensions>
    </Filter>
    <Filter Include="Header Files">
      <UniqueIdentifier>{93995380-89BD-4b04-88EB-625FBE52EBFB}</UniqueIdentifier>
      <Extensions>h;hh;hpp;hxx;h++;hm;inl;inc;ipp;xsd</Extensions>
    </Filter>
    <Filter Include="Resource Files">
      <UniqueIdentifier>{67DA6AB6-F800-4c08-8B7A-83BB121AAD01}</UniqueIdentifier>
      <Extensions>rc;ico;cur;bmp;dlg;rc2;rct;bin;rgs;gif;jpg;jpeg;jpe;resx;tiff;tif;png;wav;mfcribbon-ms</Extensions>
    </Filter>
    <Filter Include="Header Files\Bindables">
      <UniqueIdentifier>{72b3b327-da4c-41e1-9683-0293b74c9fbb}</UniqueIdentifier>
    </Filter>
    <Filter Include="Header Files\Drawables">
      <UniqueIdentifier>{180d0bca-576b-497f-aaaa-2adf771ea28a}</UniqueIdentifier>
    </Filter>
    <Filter Include="Source Files\Bindables">
      <UniqueIdentifier>{6ae40374-d20b-462c-b0af-0e81f6843f87}</UniqueIdentifier>
    </Filter>
    <Filter Include="Source Files\Drawables">
      <UniqueIdentifier>{9a282852-4136-415e-a916-fe5d8fad4afb}</UniqueIdentifier>
    </Filter>
    <Filter Include="Header Files\Drawables\Primitives">
      <UniqueIdentifier>{dc438afa-2c87-476e-b728-2bcb5fa7214c}</UniqueIdentifier>
    </Filter>
    <Filter Include="Source Files\Drawables\Primitives">
      <UniqueIdentifier>{2160bf36-bb58-4b68-9c2b-445e2c960a7d}</UniqueIdentifier>
    </Filter>
  </ItemGroup>
  <ItemGroup>
    <ClCompile Include="WinMain.cpp">
      <Filter>Source Files</Filter>
    </ClCompile>
    <ClCompile Include="Window.cpp">
      <Filter>Source Files</Filter>
    </ClCompile>
    <ClCompile Include="Renderer.cpp">
      <Filter>Source Files</Filter>
    </ClCompile>
    <ClCompile Include="Mouse.cpp">
      <Filter>Source Files</Filter>
    </ClCompile>
    <ClCompile Include="Keyboard.cpp">
      <Filter>Source Files</Filter>
    </ClCompile>
    <ClCompile Include="Bindable.cpp">
      <Filter>Source Files\Bindables</Filter>
    </ClCompile>
    <ClCompile Include="InputLayout.cpp">
      <Filter>Source Files\Bindables</Filter>
    </ClCompile>
    <ClCompile Include="IndexBuffer.cpp">
      <Filter>Source Files\Bindables</Filter>
    </ClCompile>
    <ClCompile Include="Box.cpp">
      <Filter>Source Files\Drawables</Filter>
    </ClCompile>
    <ClCompile Include="Drawable.cpp">
      <Filter>Source Files\Drawables</Filter>
    </ClCompile>
    <ClCompile Include="Triangle.cpp">
      <Filter>Source Files\Drawables</Filter>
    </ClCompile>
    <ClCompile Include="VertexBuffer.cpp">
      <Filter>Source Files\Bindables</Filter>
    </ClCompile>
    <ClCompile Include="VertexShader.cpp">
      <Filter>Source Files\Bindables</Filter>
    </ClCompile>
    <ClCompile Include="PixelShader.cpp">
      <Filter>Source Files\Bindables</Filter>
    </ClCompile>
    <ClCompile Include="Topology.cpp">
      <Filter>Source Files\Bindables</Filter>
    </ClCompile>
    <ClCompile Include="TransformConstantBuffer.cpp">
      <Filter>Source Files\Bindables</Filter>
    </ClCompile>
    <ClCompile Include="Timer.cpp">
      <Filter>Source Files</Filter>
    </ClCompile>
    <ClCompile Include="Application.cpp">
      <Filter>Source Files</Filter>
    </ClCompile>
  </ItemGroup>
  <ItemGroup>
    <ClInclude Include="Window.h">
      <Filter>Header Files</Filter>
    </ClInclude>
    <ClInclude Include="Application.h">
      <Filter>Header Files</Filter>
    </ClInclude>
    <ClInclude Include="Renderer.h">
      <Filter>Header Files</Filter>
    </ClInclude>
    <ClInclude Include="Mouse.h">
      <Filter>Header Files</Filter>
    </ClInclude>
    <ClInclude Include="Keyboard.h">
      <Filter>Header Files</Filter>
    </ClInclude>
    <ClInclude Include="Bindable.h">
      <Filter>Header Files\Bindables</Filter>
    </ClInclude>
    <ClInclude Include="IndexBuffer.h">
      <Filter>Header Files\Bindables</Filter>
    </ClInclude>
    <ClInclude Include="Box.h">
      <Filter>Header Files\Drawables</Filter>
    </ClInclude>
    <ClInclude Include="Drawable.h">
      <Filter>Header Files\Drawables</Filter>
    </ClInclude>
    <ClInclude Include="DrawableBase.h">
      <Filter>Header Files\Drawables</Filter>
    </ClInclude>
    <ClInclude Include="Triangle.h">
      <Filter>Header Files\Drawables</Filter>
    </ClInclude>
    <ClInclude Include="VertexShader.h">
      <Filter>Header Files\Bindables</Filter>
    </ClInclude>
    <ClInclude Include="VertexBuffer.h">
      <Filter>Header Files\Bindables</Filter>
    </ClInclude>
    <ClInclude Include="Topology.h">
      <Filter>Header Files\Bindables</Filter>
    </ClInclude>
    <ClInclude Include="InputLayout.h">
      <Filter>Header Files\Bindables</Filter>
    </ClInclude>
    <ClInclude Include="ConstantBuffers.h">
      <Filter>Header Files\Bindables</Filter>
    </ClInclude>
    <ClInclude Include="TransformConstantBuffer.h">
      <Filter>Header Files\Bindables</Filter>
    </ClInclude>
    <ClInclude Include="PixelShader.h">
      <Filter>Header Files\Bindables</Filter>
    </ClInclude>
    <ClInclude Include="BindableBase.h">
      <Filter>Header Files\Bindables</Filter>
    </ClInclude>
    <ClInclude Include="Cube.h">
      <Filter>Header Files\Drawables\Primitives</Filter>
    </ClInclude>
    <ClInclude Include="IndexedTriangleList.h">
      <Filter>Header Files\Drawables\Primitives</Filter>
    </ClInclude>
    <ClInclude Include="Timer.h">
      <Filter>Header Files</Filter>
    </ClInclude>
  </ItemGroup>
  <ItemGroup>
    <FxCompile Include="TrianglePixelShader.hlsl">
      <Filter>Resource Files</Filter>
    </FxCompile>
    <FxCompile Include="TriangleVertexShader.hlsl">
      <Filter>Resource Files</Filter>
    </FxCompile>
    <FxCompile Include="ColorIndexPixelShader.hlsl">
      <Filter>Resource Files</Filter>
    </FxCompile>
    <FxCompile Include="ColorBlendPixelShader.hlsl">
      <Filter>Resource Files</Filter>
    </FxCompile>
    <FxCompile Include="ColorBlendVertexShader.hlsl">
      <Filter>Resource Files</Filter>
    </FxCompile>
    <FxCompile Include="ColorIndexVertexShader.hlsl">
      <Filter>Resource Files</Filter>
    </FxCompile>
  </ItemGroup>
</Project>